
Microsoft Visual Studio Solution File, Format Version 12.00
# Visual Studio 15
VisualStudioVersion = 15.0.28307.168
MinimumVisualStudioVersion = 10.0.40219.1
Project("{9A19103F-16F7-4668-BE54-9A1E7A4F7556}") = "DataAccess.Mongo", "DataAccess.Mongo\DataAccess.Mongo.csproj", "{4054E24F-3A18-4570-832F-0204DE04982E}"
EndProject
Project("{9A19103F-16F7-4668-BE54-9A1E7A4F7556}") = "Abstractions", "Abstractions\Abstractions.csproj", "{A8CC907B-207B-48E4-9645-AE7CEC36CC09}"
EndProject
Project("{9A19103F-16F7-4668-BE54-9A1E7A4F7556}") = "DataAccess.Mongo.Tests", "DataAccess.Mongo.Tests\DataAccess.Mongo.Tests.csproj", "{17092BFF-F805-49D3-A5C7-A4F750B9027B}"
EndProject
Project("{9A19103F-16F7-4668-BE54-9A1E7A4F7556}") = "WebApi", "WebApi\WebApi.csproj", "{BE9B7D94-DB98-4C07-9BA8-106187B0F8FE}"
EndProject
Project("{9A19103F-16F7-4668-BE54-9A1E7A4F7556}") = "DataAccess.Redis", "DataAccess.Redis\DataAccess.Redis.csproj", "{B397ED53-E59A-4F80-8315-E71F4B00E61B}"
EndProject
Project("{FAE04EC0-301F-11D3-BF4B-00C04F79EFBC}") = "DataAccess.Redis.Tests", "DataAccess.Redis.Tests\DataAccess.Redis.Tests.csproj", "{B55053D7-ECEA-471D-BD6A-AB764BD57847}"
EndProject
Global
	GlobalSection(SolutionConfigurationPlatforms) = preSolution
		Debug|Any CPU = Debug|Any CPU
		Release|Any CPU = Release|Any CPU
	EndGlobalSection
	GlobalSection(ProjectConfigurationPlatforms) = postSolution
		{4054E24F-3A18-4570-832F-0204DE04982E}.Debug|Any CPU.ActiveCfg = Debug|Any CPU
		{4054E24F-3A18-4570-832F-0204DE04982E}.Debug|Any CPU.Build.0 = Debug|Any CPU
		{4054E24F-3A18-4570-832F-0204DE04982E}.Release|Any CPU.ActiveCfg = Release|Any CPU
		{4054E24F-3A18-4570-832F-0204DE04982E}.Release|Any CPU.Build.0 = Release|Any CPU
		{A8CC907B-207B-48E4-9645-AE7CEC36CC09}.Debug|Any CPU.ActiveCfg = Debug|Any CPU
		{A8CC907B-207B-48E4-9645-AE7CEC36CC09}.Debug|Any CPU.Build.0 = Debug|Any CPU
		{A8CC907B-207B-48E4-9645-AE7CEC36CC09}.Release|Any CPU.ActiveCfg = Release|Any CPU
		{A8CC907B-207B-48E4-9645-AE7CEC36CC09}.Release|Any CPU.Build.0 = Release|Any CPU
		{17092BFF-F805-49D3-A5C7-A4F750B9027B}.Debug|Any CPU.ActiveCfg = Debug|Any CPU
		{17092BFF-F805-49D3-A5C7-A4F750B9027B}.Debug|Any CPU.Build.0 = Debug|Any CPU
		{17092BFF-F805-49D3-A5C7-A4F750B9027B}.Release|Any CPU.ActiveCfg = Release|Any CPU
		{17092BFF-F805-49D3-A5C7-A4F750B9027B}.Release|Any CPU.Build.0 = Release|Any CPU
		{BE9B7D94-DB98-4C07-9BA8-106187B0F8FE}.Debug|Any CPU.ActiveCfg = Debug|Any CPU
		{BE9B7D94-DB98-4C07-9BA8-106187B0F8FE}.Debug|Any CPU.Build.0 = Debug|Any CPU
		{BE9B7D94-DB98-4C07-9BA8-106187B0F8FE}.Release|Any CPU.ActiveCfg = Release|Any CPU
		{BE9B7D94-DB98-4C07-9BA8-106187B0F8FE}.Release|Any CPU.Build.0 = Release|Any CPU
		{B397ED53-E59A-4F80-8315-E71F4B00E61B}.Debug|Any CPU.ActiveCfg = Debug|Any CPU
		{B397ED53-E59A-4F80-8315-E71F4B00E61B}.Debug|Any CPU.Build.0 = Debug|Any CPU
		{B397ED53-E59A-4F80-8315-E71F4B00E61B}.Release|Any CPU.ActiveCfg = Release|Any CPU
		{B397ED53-E59A-4F80-8315-E71F4B00E61B}.Release|Any CPU.Build.0 = Release|Any CPU
		{B55053D7-ECEA-471D-BD6A-AB764BD57847}.Debug|Any CPU.ActiveCfg = Debug|Any CPU
		{B55053D7-ECEA-471D-BD6A-AB764BD57847}.Debug|Any CPU.Build.0 = Debug|Any CPU
		{B55053D7-ECEA-471D-BD6A-AB764BD57847}.Release|Any CPU.ActiveCfg = Release|Any CPU
		{B55053D7-ECEA-471D-BD6A-AB764BD57847}.Release|Any CPU.Build.0 = Release|Any CPU
	EndGlobalSection
	GlobalSection(SolutionProperties) = preSolution
		HideSolutionNode = FALSE
	EndGlobalSection
	GlobalSection(ExtensibilityGlobals) = postSolution
		SolutionGuid = {E41312AD-6EF5-489A-B996-363A234A8EDD}
	EndGlobalSection
EndGlobal
